{
  "name": "nocternal",
  "version": "1.0.0",
  "lockfileVersion": 1,
  "requires": true,
  "dependencies": {
    "react": {
      "version": "17.0.2",
      "resolved": "https://registry.npmjs.org/react/-/react-17.0.2.tgz",
      "integrity": "sha512-wzTcTl/bU7V1yvpRmB7OYOFaGNy3ASVxuZ2PqLK3+TGuMkTmT1RyAmBjbcm7OVaGdtwI7T+EoJZzJR49x4Hn9g=="
    },
    "react-dom": {
      "version": "17.0.2",
      "resolved": "https://registry.npmjs.org/react-dom/-/react-dom-17.0.2.tgz",
      "integrity": "sha512-NCxXe9hA5Jxz8qvW2Y3v3hEYud1eExw8XY8nrAVc+5nEgm5j5w5zRD8QPvGmn84l9F9sz5KjNYW8Dv7tOq3j3w=="
    }
  }
}
