name: Generate package-lock.json

on:
  workflow_dispatch:

jobs:
  build:
    runs-on: ubuntu-latest

    steps:
      - name: Checkout repository
        uses: actions/checkout@v2

      - name: Set up Node.js
        uses: actions/setup-node@v2
        with:
          node-version: 16.x

      - name: Update npm
        run: npm install -g npm@latest

      - name: Update dependencies
        run: |
          npm install react-scripts@5.0.2
          npm install

      - name: Audit dependencies for vulnerabilities
        run: npm audit

      - name: Fix vulnerabilities in dependencies
        run: npm audit fix --force

      - name: Commit package-lock.json
        run: |
          git config --global user.name 'GitHub Action'
          git config --global user.email 'action@github.com'
          git add package-lock.json
          git commit -m 'Update package-lock.json'
          git push
